{
  "name": "example-1",
  "version": "1.0.0",
  "lockfileVersion": 1,
  "requires": true,
  "dependencies": {
    "ansi-regex": {
      "version": "0.2.1",
      "resolved": "https://registry.npmjs.org/ansi-regex/-/ansi-regex-0.2.1.tgz",
      "integrity": "sha1-DY6UaWej2BQ/k+JOKYUl/BsiNfk="
    },
    "ansi-styles": {
      "version": "1.1.0",
      "resolved": "https://registry.npmjs.org/ansi-styles/-/ansi-styles-1.1.0.tgz",
      "integrity": "sha1-6uy/Zs1waIJ2Cy9GkVgrj1XXp94="
    },
    "basic": {
      "version": "2.0.2",
      "resolved": "https://registry.npmjs.org/basic/-/basic-2.0.2.tgz",
      "integrity": "sha512-r4eQPvY38vNlZaevkyV9bZnlvvqxC/lDGqy0ciaqF040TjpmLNOiwJesSiC+E9yXynXmCR/XLrB44pQscZ6sQw=="
    },
    "blipp": {
      "version": "2.3.0",
      "resolved": "https://registry.npmjs.org/blipp/-/blipp-2.3.0.tgz",
      "integrity": "sha1-hHeVTAFfbry6z5lLqJRnxnl6vdw=",
      "requires": {
        "chalk": "0.5.1",
        "hoek": "2.16.3",
        "joi": "6.10.1"
      }
    },
    "boom": {
      "version": "3.2.2",
      "resolved": "https://registry.npmjs.org/boom/-/boom-3.2.2.tgz",
      "integrity": "sha1-DwzF0ErcUAO4x9cfQsynJx/vDng=",
      "requires": {
        "hoek": "4.2.0"
      },
      "dependencies": {
        "hoek": {
          "version": "4.2.0",
          "resolved": "https://registry.npmjs.org/hoek/-/hoek-4.2.0.tgz",
          "integrity": "sha512-v0XCLxICi9nPfYrS9RL8HbYnXi9obYAeLbSP00BmnZwCK9+Ih9WOjoZ8YoHCoav2csqn4FOz4Orldsy2dmDwmQ=="
        }
      }
    },
    "chalk": {
      "version": "0.5.1",
      "resolved": "https://registry.npmjs.org/chalk/-/chalk-0.5.1.tgz",
      "integrity": "sha1-Zjs6ZItotV0EaQ1JFnqoN4WPIXQ=",
      "requires": {
        "ansi-styles": "1.1.0",
        "escape-string-regexp": "1.0.5",
        "has-ansi": "0.1.0",
        "strip-ansi": "0.3.0",
        "supports-color": "0.2.0"
      }
    },
    "escape-string-regexp": {
      "version": "1.0.5",
      "resolved": "https://registry.npmjs.org/escape-string-regexp/-/escape-string-regexp-1.0.5.tgz",
      "integrity": "sha1-G2HAViGQqN/2rjuyzwIAyhMLhtQ="
    },
    "hapi": {
      "version": "11.1.4",
      "resolved": "https://registry.npmjs.org/hapi/-/hapi-11.1.4.tgz",
      "integrity": "sha1-qAWI0XWh2UiazaD90T31oHZvVc4=",
      "requires": {
        "accept": "2.0.0",
        "ammo": "2.0.0",
        "boom": "3.0.0",
        "call": "3.0.0",
        "catbox": "7.0.0",
        "catbox-memory": "2.0.1",
        "cryptiles": "3.0.0",
        "heavy": "4.0.0",
        "hoek": "3.0.0",
        "iron": "3.0.1",
        "items": "2.0.0",
        "joi": "7.0.0",
        "kilt": "2.0.0",
        "mimos": "3.0.0",
        "peekaboo": "2.0.0",
        "qs": "6.0.0",
        "shot": "2.0.1",
        "statehood": "3.0.0",
        "subtext": "3.0.1",
        "topo": "2.0.0"
      },
      "dependencies": {
        "accept": {
          "version": "2.0.0",
          "resolved": "https://registry.npmjs.org/accept/-/accept-2.0.0.tgz",
          "integrity": "sha1-IZ/zxonoytxxmV5L2dtwRaOMNFk=",
          "requires": {
            "boom": "3.0.0",
            "hoek": "3.0.0"
          }
        },
        "ammo": {
          "version": "2.0.0",
          "resolved": "https://registry.npmjs.org/ammo/-/ammo-2.0.0.tgz",
          "integrity": "sha1-FNvfwfti19gmAgbTfkghkmXSS+g=",
          "requires": {
            "boom": "3.0.0",
            "hoek": "3.0.0"
          }
        },
        "boom": {
          "version": "3.0.0",
          "resolved": "https://registry.npmjs.org/boom/-/boom-3.0.0.tgz",
          "integrity": "sha1-z/hYy9AMZcEeanS0qdyQueO5BsQ=",
          "requires": {
            "hoek": "3.0.0"
          }
        },
        "call": {
          "version": "3.0.0",
          "resolved": "https://registry.npmjs.org/call/-/call-3.0.0.tgz",
          "integrity": "sha1-6VTpAzInH3qxJgtN4BjWjq+z8BE=",
          "requires": {
            "boom": "3.0.0",
            "hoek": "3.0.0"
          }
        },
        "catbox": {
          "version": "7.0.0",
          "resolved": "https://registry.npmjs.org/catbox/-/catbox-7.0.0.tgz",
          "integrity": "sha1-PUACQlj1az+YUemblXY+BrxjpEI=",
          "requires": {
            "boom": "3.0.0",
            "hoek": "3.0.0",
            "joi": "7.0.0"
          }
        },
        "catbox-memory": {
          "version": "2.0.1",
          "resolved": "https://registry.npmjs.org/catbox-memory/-/catbox-memory-2.0.1.tgz",
          "integrity": "sha1-vfxec2RI/hbA/5FCfU2xGsNNk5Y=",
          "requires": {
            "hoek": "3.0.0"
          }
        },
        "cryptiles": {
          "version": "3.0.0",
          "resolved": "https://registry.npmjs.org/cryptiles/-/cryptiles-3.0.0.tgz",
          "integrity": "sha1-4Uj7j2ZqhxKEPd9lwZZ2nR44eQw=",
          "requires": {
            "boom": "3.0.0"
          }
        },
        "heavy": {
          "version": "4.0.0",
          "resolved": "https://registry.npmjs.org/heavy/-/heavy-4.0.0.tgz",
          "integrity": "sha1-ffqckK80PxaAaoxIootJmiPexHE=",
          "requires": {
            "boom": "3.0.0",
            "hoek": "3.0.0",
            "joi": "7.0.0"
          }
        },
        "hoek": {
          "version": "3.0.0",
          "resolved": "https://registry.npmjs.org/hoek/-/hoek-3.0.0.tgz",
          "integrity": "sha1-UsDfKcp0G05by7C1n1CfNHYjrI0="
        },
        "iron": {
          "version": "3.0.1",
          "resolved": "https://registry.npmjs.org/iron/-/iron-3.0.1.tgz",
          "integrity": "sha1-PdOxAKch0VubewM6DPTB4yZgPNM=",
          "requires": {
            "boom": "3.0.0",
            "cryptiles": "3.0.0",
            "hoek": "3.0.0"
          }
        },
        "items": {
          "version": "2.0.0",
          "resolved": "https://registry.npmjs.org/items/-/items-2.0.0.tgz",
          "integrity": "sha1-0Uqxfgyce47mk3dT07mlbgjUrXo="
        },
        "joi": {
          "version": "7.0.0",
          "resolved": "https://registry.npmjs.org/joi/-/joi-7.0.0.tgz",
          "integrity": "sha1-fwpeVsCBiqvXpYNmp5GjgYwLY98=",
          "requires": {
            "hoek": "3.0.0",
            "isemail": "2.0.0",
            "moment": "2.10.6",
            "topo": "2.0.0"
          },
          "dependencies": {
            "isemail": {
              "version": "2.0.0",
              "resolved": "https://registry.npmjs.org/isemail/-/isemail-2.0.0.tgz",
              "integrity": "sha1-rlk4hsFzJ+j1z3x9VAA6scpWbGU="
            },
            "moment": {
              "version": "2.10.6",
              "resolved": "https://registry.npmjs.org/moment/-/moment-2.10.6.tgz",
              "integrity": "sha1-bLIZZ8ecunsMpeZmRPFzZis++nc="
            }
          }
        },
        "kilt": {
          "version": "2.0.0",
          "resolved": "https://registry.npmjs.org/kilt/-/kilt-2.0.0.tgz",
          "integrity": "sha1-igb2YkoUhHRBwQLDsS6e8Gr13fI=",
          "requires": {
            "hoek": "3.0.0"
          }
        },
        "mimos": {
          "version": "3.0.0",
          "resolved": "https://registry.npmjs.org/mimos/-/mimos-3.0.0.tgz",
          "integrity": "sha1-SygG4SXbvfcdmyzZ8LO0VsQDyCE=",
          "requires": {
            "hoek": "3.0.0",
            "mime-db": "1.19.0"
          },
          "dependencies": {
            "mime-db": {
              "version": "1.19.0",
              "resolved": "https://registry.npmjs.org/mime-db/-/mime-db-1.19.0.tgz",
              "integrity": "sha1-SWoYGYp86CRFNOJbsQK3T7Qg/VY="
            }
          }
        },
        "peekaboo": {
          "version": "2.0.0",
          "resolved": "https://registry.npmjs.org/peekaboo/-/peekaboo-2.0.0.tgz",
          "integrity": "sha1-ilS71o7esMtbMUSZHhU10tSS3Jc="
        },
        "qs": {
          "version": "6.0.0",
          "resolved": "https://registry.npmjs.org/qs/-/qs-6.0.0.tgz",
          "integrity": "sha1-3pnAxYxU6uSf/5SVEGcjOGkREOg="
        },
        "shot": {
          "version": "2.0.1",
          "resolved": "https://registry.npmjs.org/shot/-/shot-2.0.1.tgz",
          "integrity": "sha1-pEpYcr/KTSr60NVz1eIZWLtNwA8=",
          "requires": {
            "hoek": "3.0.0"
          }
        },
        "statehood": {
          "version": "3.0.0",
          "resolved": "https://registry.npmjs.org/statehood/-/statehood-3.0.0.tgz",
          "integrity": "sha1-pJDgpzmG/ZlCFeT7xBSVwq6+BdM=",
          "requires": {
            "boom": "3.0.0",
            "cryptiles": "3.0.0",
            "hoek": "3.0.0",
            "iron": "3.0.1",
            "items": "2.0.0",
            "joi": "7.0.0"
          }
        },
        "subtext": {
          "version": "3.0.1",
          "resolved": "https://registry.npmjs.org/subtext/-/subtext-3.0.1.tgz",
          "integrity": "sha1-iBdgaPuBYqF2QyYzlHCWS9vhN8M=",
          "requires": {
            "boom": "3.0.0",
            "content": "3.0.0",
            "hoek": "3.0.0",
            "pez": "2.0.1",
            "qs": "6.0.0",
            "wreck": "7.0.0"
          },
          "dependencies": {
            "content": {
              "version": "3.0.0",
              "resolved": "https://registry.npmjs.org/content/-/content-3.0.0.tgz",
              "integrity": "sha1-+xpmghRxLKPdGKTsuw9f5x+35s0=",
              "requires": {
                "boom": "3.0.0"
              }
            },
            "pez": {
              "version": "2.0.1",
              "resolved": "https://registry.npmjs.org/pez/-/pez-2.0.1.tgz",
              "integrity": "sha1-WAV4vrF/GU03y4dN+8aHzM3omxE=",
              "requires": {
                "b64": "3.0.0",
                "boom": "3.0.0",
                "content": "3.0.0",
                "hoek": "3.0.0",
                "nigel": "2.0.0"
              },
              "dependencies": {
                "b64": {
                  "version": "3.0.0",
                  "resolved": "https://registry.npmjs.org/b64/-/b64-3.0.0.tgz",
                  "integrity": "sha1-MrMhzdoLmzEMdi05OrqSAdjk8hc=",
                  "requires": {
                    "hoek": "3.0.0"
                  }
                },
                "nigel": {
                  "version": "2.0.0",
                  "resolved": "https://registry.npmjs.org/nigel/-/nigel-2.0.0.tgz",
                  "integrity": "sha1-4lEYegUz6ufIIy99ejhlrkdorWk=",
                  "requires": {
                    "hoek": "3.0.0",
                    "vise": "2.0.0"
                  },
                  "dependencies": {
                    "vise": {
                      "version": "2.0.0",
                      "resolved": "https://registry.npmjs.org/vise/-/vise-2.0.0.tgz",
                      "integrity": "sha1-eNaLZOdJXqWYqcJMby4GLk1XldY=",
                      "requires": {
                        "hoek": "3.0.0"
                      }
                    }
                  }
                }
              }
            },
            "wreck": {
              "version": "7.0.0",
              "resolved": "https://registry.npmjs.org/wreck/-/wreck-7.0.0.tgz",
              "integrity": "sha1-jtUr2MIN4dApRr2QeP3LPEh6Gho=",
              "requires": {
                "boom": "3.0.0",
                "hoek": "3.0.0"
              }
            }
          }
        },
        "topo": {
          "version": "2.0.0",
          "resolved": "https://registry.npmjs.org/topo/-/topo-2.0.0.tgz",
          "integrity": "sha1-MVya7bhoytW2FhWWPJ/Qm+kSwe0=",
          "requires": {
            "hoek": "3.0.0"
          }
        }
      }
    },
    "hapi-auth-basic": {
      "version": "4.2.0",
      "resolved": "https://registry.npmjs.org/hapi-auth-basic/-/hapi-auth-basic-4.2.0.tgz",
      "integrity": "sha1-ovFrPhQxfUTjrXk0/oM/mV7oL8A=",
      "requires": {
        "boom": "3.2.2",
        "hoek": "4.2.0"
      },
      "dependencies": {
        "hoek": {
          "version": "4.2.0",
          "resolved": "https://registry.npmjs.org/hoek/-/hoek-4.2.0.tgz",
          "integrity": "sha512-v0XCLxICi9nPfYrS9RL8HbYnXi9obYAeLbSP00BmnZwCK9+Ih9WOjoZ8YoHCoav2csqn4FOz4Orldsy2dmDwmQ=="
        }
      }
    },
    "has-ansi": {
      "version": "0.1.0",
      "resolved": "https://registry.npmjs.org/has-ansi/-/has-ansi-0.1.0.tgz",
      "integrity": "sha1-hPJlqujA5qiKEtcCKJS3VoiUxi4=",
      "requires": {
        "ansi-regex": "0.2.1"
      }
    },
    "hoek": {
      "version": "2.16.3",
      "resolved": "https://registry.npmjs.org/hoek/-/hoek-2.16.3.tgz",
      "integrity": "sha1-ILt0A9POo5jpHcRxCo/xuCdKJe0="
    },
    "isemail": {
      "version": "1.2.0",
      "resolved": "https://registry.npmjs.org/isemail/-/isemail-1.2.0.tgz",
      "integrity": "sha1-vgPfjMPineTSxd9lASY/H6RZXpo="
    },
    "joi": {
      "version": "6.10.1",
      "resolved": "https://registry.npmjs.org/joi/-/joi-6.10.1.tgz",
      "integrity": "sha1-TVDDGAeRIgAP5fFq8f+OGRe3fgY=",
      "requires": {
        "hoek": "2.16.3",
        "isemail": "1.2.0",
        "moment": "2.19.1",
        "topo": "1.1.0"
      }
    },
    "moment": {
      "version": "2.19.1",
      "resolved": "https://registry.npmjs.org/moment/-/moment-2.19.1.tgz",
      "integrity": "sha1-VtoaLRy/AdOLfhr8McELz6GSkWc="
    },
    "strip-ansi": {
      "version": "0.3.0",
      "resolved": "https://registry.npmjs.org/strip-ansi/-/strip-ansi-0.3.0.tgz",
      "integrity": "sha1-JfSOoiynkYfzF0pNuHWTR7sSYiA=",
      "requires": {
        "ansi-regex": "0.2.1"
      }
    },
    "supports-color": {
      "version": "0.2.0",
      "resolved": "https://registry.npmjs.org/supports-color/-/supports-color-0.2.0.tgz",
      "integrity": "sha1-2S3iaU6z9nMjlz1649i1W0wiGQo="
    },
    "topo": {
      "version": "1.1.0",
      "resolved": "https://registry.npmjs.org/topo/-/topo-1.1.0.tgz",
      "integrity": "sha1-6ddRYV0buH3IZdsYL6HKCl71NtU=",
      "requires": {
        "hoek": "2.16.3"
      }
    }
  }
}
